{
  "name": "confetti_cuisine",
  "version": "1.0.0",
  "lockfileVersion": 2,
  "requires": true,
  "packages": {
    "": {
      "name": "confetti_cuisine",
      "version": "1.0.0",
      "license": "ISC",
      "dependencies": {
        "http-status-code": "^2.1.0"
      }
    },
    "node_modules/http-status-code": {
      "version": "2.1.0",
      "resolved": "https://registry.npmjs.org/http-status-code/-/http-status-code-2.1.0.tgz",
      "integrity": "sha512-xlSRDG0i4j2HDR85FW2VGxFBo9GB1LpBp37/gldjrS5ZlAaHp1h0dbq96crIN/D0ur1jAa75ACrN8WezebLXSw==",
      "dependencies": {
        "strip-json-comments": "^1.0.2"
      }
    },
    "node_modules/strip-json-comments": {
      "version": "1.0.4",
      "resolved": "https://registry.npmjs.org/strip-json-comments/-/strip-json-comments-1.0.4.tgz",
      "integrity": "sha512-AOPG8EBc5wAikaG1/7uFCNFJwnKOuQwFTpYBdTW6OvWHeZBQBrAA/amefHGrEiOnCPcLFZK6FUPtWVKpQVIRgg==",
      "bin": {
        "strip-json-comments": "cli.js"
      },
      "engines": {
        "node": ">=0.8.0"
      }
    }
  },
  "dependencies": {
    "http-status-code": {
      "version": "2.1.0",
      "resolved": "https://registry.npmjs.org/http-status-code/-/http-status-code-2.1.0.tgz",
      "integrity": "sha512-xlSRDG0i4j2HDR85FW2VGxFBo9GB1LpBp37/gldjrS5ZlAaHp1h0dbq96crIN/D0ur1jAa75ACrN8WezebLXSw==",
      "requires": {
        "strip-json-comments": "^1.0.2"
      }
    },
    "strip-json-comments": {
      "version": "1.0.4",
      "resolved": "https://registry.npmjs.org/strip-json-comments/-/strip-json-comments-1.0.4.tgz",
      "integrity": "sha512-AOPG8EBc5wAikaG1/7uFCNFJwnKOuQwFTpYBdTW6OvWHeZBQBrAA/amefHGrEiOnCPcLFZK6FUPtWVKpQVIRgg=="
    }
  }
}
